PODS:
  - libPhoneNumber-iOS (0.8.7)
  - phoneid_iOS (0.1.1):
    - libPhoneNumber-iOS (~> 0.8)

DEPENDENCIES:
  - phoneid_iOS (from `../`)

EXTERNAL SOURCES:
  phoneid_iOS:
    :path: ../

SPEC CHECKSUMS:
  libPhoneNumber-iOS: 1bccd3288375d954b0b904e26061cecaa0fb83d6
  phoneid_iOS: eb0dd1c518027a88053b34321b0398cd5999d235

COCOAPODS: 0.38.2
