PODS:
  - libPhoneNumber-iOS (0.8.8)
  - phoneid_iOS (0.1.4):
    - libPhoneNumber-iOS (~> 0.8)

DEPENDENCIES:
  - phoneid_iOS (from `../`)

EXTERNAL SOURCES:
  phoneid_iOS:
    :path: ../

SPEC CHECKSUMS:
  libPhoneNumber-iOS: fe877b7c44c270a9da2082d3e2892d5316f6a2f9
  phoneid_iOS: 7b2ab50519967a83010eb63b6f97c2e1120a5888

COCOAPODS: 0.39.0
