PODS:
  - libPhoneNumber-iOS (0.8.10)
  - phoneid_iOS (0.1.6):
    - libPhoneNumber-iOS (~> 0.8.10)

DEPENDENCIES:
  - phoneid_iOS (from `../`)

EXTERNAL SOURCES:
  phoneid_iOS:
    :path: ../

SPEC CHECKSUMS:
  libPhoneNumber-iOS: 7bfd00f843fdcd82b5182b463e8eb3b27579f41d
  phoneid_iOS: bd7ff4efde0508020a515123ce2fc3a4632dd8fd

COCOAPODS: 0.39.0
